
Microsoft Visual Studio Solution File, Format Version 12.00
# Visual Studio Version 17
VisualStudioVersion = 17.14.36518.9
MinimumVisualStudioVersion = 10.0.40219.1
Project("{FAE04EC0-301F-11D3-BF4B-00C04F79EFBC}") = "FileCompressionCSharp", "FileCompressionCSharp\FileCompressionCSharp.csproj", "{7D2D7747-E7A4-4E11-90C8-90EB460DC046}"
EndProject
Project("{FAE04EC0-301F-11D3-BF4B-00C04F79EFBC}") = "DataObjects", "DataObjects\DataObjects.csproj", "{111417BD-4E71-4E96-B1DC-BADBD30D34A2}"
EndProject
Project("{FAE04EC0-301F-11D3-BF4B-00C04F79EFBC}") = "LogicLayer", "LogicLayer\LogicLayer.csproj", "{A3A1722E-FAB4-4A75-B036-17B113418DAC}"
EndProject
Project("{FAE04EC0-301F-11D3-BF4B-00C04F79EFBC}") = "LogicLayerInterface", "LogicLayerAccessor\LogicLayerInterface.csproj", "{A717AE01-2663-4928-9B03-13DB79FEEE67}"
EndProject
Project("{FAE04EC0-301F-11D3-BF4B-00C04F79EFBC}") = "UnitTesting", "UnitTesting\UnitTesting.csproj", "{BAB328F4-99E5-481E-B26D-7652CC00764A}"
EndProject
Project("{FAE04EC0-301F-11D3-BF4B-00C04F79EFBC}") = "DataAccess", "DataAccess\DataAccess.csproj", "{1C77B06E-BD74-4BAA-8669-E0B3C02EB71A}"
EndProject
Project("{FAE04EC0-301F-11D3-BF4B-00C04F79EFBC}") = "DataAccessInterface", "DataAccessInterface\DataAccessInterface.csproj", "{C1815D72-040D-4690-9DAE-D2463466076E}"
EndProject
Global
	GlobalSection(SolutionConfigurationPlatforms) = preSolution
		Debug|Any CPU = Debug|Any CPU
		Release|Any CPU = Release|Any CPU
	EndGlobalSection
	GlobalSection(ProjectConfigurationPlatforms) = postSolution
		{7D2D7747-E7A4-4E11-90C8-90EB460DC046}.Debug|Any CPU.ActiveCfg = Debug|Any CPU
		{7D2D7747-E7A4-4E11-90C8-90EB460DC046}.Debug|Any CPU.Build.0 = Debug|Any CPU
		{7D2D7747-E7A4-4E11-90C8-90EB460DC046}.Release|Any CPU.ActiveCfg = Release|Any CPU
		{7D2D7747-E7A4-4E11-90C8-90EB460DC046}.Release|Any CPU.Build.0 = Release|Any CPU
		{111417BD-4E71-4E96-B1DC-BADBD30D34A2}.Debug|Any CPU.ActiveCfg = Debug|Any CPU
		{111417BD-4E71-4E96-B1DC-BADBD30D34A2}.Debug|Any CPU.Build.0 = Debug|Any CPU
		{111417BD-4E71-4E96-B1DC-BADBD30D34A2}.Release|Any CPU.ActiveCfg = Release|Any CPU
		{111417BD-4E71-4E96-B1DC-BADBD30D34A2}.Release|Any CPU.Build.0 = Release|Any CPU
		{A3A1722E-FAB4-4A75-B036-17B113418DAC}.Debug|Any CPU.ActiveCfg = Debug|Any CPU
		{A3A1722E-FAB4-4A75-B036-17B113418DAC}.Debug|Any CPU.Build.0 = Debug|Any CPU
		{A3A1722E-FAB4-4A75-B036-17B113418DAC}.Release|Any CPU.ActiveCfg = Release|Any CPU
		{A3A1722E-FAB4-4A75-B036-17B113418DAC}.Release|Any CPU.Build.0 = Release|Any CPU
		{A717AE01-2663-4928-9B03-13DB79FEEE67}.Debug|Any CPU.ActiveCfg = Debug|Any CPU
		{A717AE01-2663-4928-9B03-13DB79FEEE67}.Debug|Any CPU.Build.0 = Debug|Any CPU
		{A717AE01-2663-4928-9B03-13DB79FEEE67}.Release|Any CPU.ActiveCfg = Release|Any CPU
		{A717AE01-2663-4928-9B03-13DB79FEEE67}.Release|Any CPU.Build.0 = Release|Any CPU
		{BAB328F4-99E5-481E-B26D-7652CC00764A}.Debug|Any CPU.ActiveCfg = Debug|Any CPU
		{BAB328F4-99E5-481E-B26D-7652CC00764A}.Debug|Any CPU.Build.0 = Debug|Any CPU
		{BAB328F4-99E5-481E-B26D-7652CC00764A}.Release|Any CPU.ActiveCfg = Release|Any CPU
		{BAB328F4-99E5-481E-B26D-7652CC00764A}.Release|Any CPU.Build.0 = Release|Any CPU
		{1C77B06E-BD74-4BAA-8669-E0B3C02EB71A}.Debug|Any CPU.ActiveCfg = Debug|Any CPU
		{1C77B06E-BD74-4BAA-8669-E0B3C02EB71A}.Debug|Any CPU.Build.0 = Debug|Any CPU
		{1C77B06E-BD74-4BAA-8669-E0B3C02EB71A}.Release|Any CPU.ActiveCfg = Release|Any CPU
		{1C77B06E-BD74-4BAA-8669-E0B3C02EB71A}.Release|Any CPU.Build.0 = Release|Any CPU
		{C1815D72-040D-4690-9DAE-D2463466076E}.Debug|Any CPU.ActiveCfg = Debug|Any CPU
		{C1815D72-040D-4690-9DAE-D2463466076E}.Debug|Any CPU.Build.0 = Debug|Any CPU
		{C1815D72-040D-4690-9DAE-D2463466076E}.Release|Any CPU.ActiveCfg = Release|Any CPU
		{C1815D72-040D-4690-9DAE-D2463466076E}.Release|Any CPU.Build.0 = Release|Any CPU
	EndGlobalSection
	GlobalSection(SolutionProperties) = preSolution
		HideSolutionNode = FALSE
	EndGlobalSection
	GlobalSection(ExtensibilityGlobals) = postSolution
		SolutionGuid = {13DC3BC6-DDEF-4F37-B147-B81872422983}
	EndGlobalSection
EndGlobal
